
Microsoft Visual Studio Solution File, Format Version 12.00
# Visual Studio Version 16
VisualStudioVersion = 16.0.29613.14
MinimumVisualStudioVersion = 10.0.40219.1
Project("{FAE04EC0-301F-11D3-BF4B-00C04F79EFBC}") = "AbstractTest", "AbstractTest.csproj", "{FD3AA56F-1D8C-47F8-BB7C-6CEA359CDEB5}"
EndProject
Global
	GlobalSection(SolutionConfigurationPlatforms) = preSolution
		Debug|Any CPU = Debug|Any CPU
		Release|Any CPU = Release|Any CPU
	EndGlobalSection
	GlobalSection(ProjectConfigurationPlatforms) = postSolution
		{FD3AA56F-1D8C-47F8-BB7C-6CEA359CDEB5}.Debug|Any CPU.ActiveCfg = Debug|Any CPU
		{FD3AA56F-1D8C-47F8-BB7C-6CEA359CDEB5}.Debug|Any CPU.Build.0 = Debug|Any CPU
		{FD3AA56F-1D8C-47F8-BB7C-6CEA359CDEB5}.Release|Any CPU.ActiveCfg = Release|Any CPU
		{FD3AA56F-1D8C-47F8-BB7C-6CEA359CDEB5}.Release|Any CPU.Build.0 = Release|Any CPU
	EndGlobalSection
	GlobalSection(SolutionProperties) = preSolution
		HideSolutionNode = FALSE
	EndGlobalSection
	GlobalSection(ExtensibilityGlobals) = postSolution
		SolutionGuid = {85C9E806-1534-4859-AE4C-A20FE31A88FC}
	EndGlobalSection
EndGlobal
